
Microsoft Visual Studio Solution File, Format Version 12.00
# Visual Studio Version 17
VisualStudioVersion = 17.5.002.0
MinimumVisualStudioVersion = 10.0.40219.1
Project("{9A19103F-16F7-4668-BE54-9A1E7A4F7556}") = "ejercicio1", "ejercicio1\ejercicio1.csproj", "{5192FB0A-B78F-49C5-A8A2-F78DF480A291}"
EndProject
Project("{9A19103F-16F7-4668-BE54-9A1E7A4F7556}") = "ejercicio2", "ejercicio2\ejercicio2.csproj", "{AF465426-C1A0-4D9B-B7D9-3D9D993A4A1F}"
EndProject
Project("{9A19103F-16F7-4668-BE54-9A1E7A4F7556}") = "ejercicio3", "ejercicio3\ejercicio3.csproj", "{797C9A99-EF9D-4BEC-BD94-DA8C7336EA40}"
EndProject
Global
	GlobalSection(SolutionConfigurationPlatforms) = preSolution
		Debug|Any CPU = Debug|Any CPU
		Release|Any CPU = Release|Any CPU
	EndGlobalSection
	GlobalSection(ProjectConfigurationPlatforms) = postSolution
		{5192FB0A-B78F-49C5-A8A2-F78DF480A291}.Debug|Any CPU.ActiveCfg = Debug|Any CPU
		{5192FB0A-B78F-49C5-A8A2-F78DF480A291}.Debug|Any CPU.Build.0 = Debug|Any CPU
		{5192FB0A-B78F-49C5-A8A2-F78DF480A291}.Release|Any CPU.ActiveCfg = Release|Any CPU
		{5192FB0A-B78F-49C5-A8A2-F78DF480A291}.Release|Any CPU.Build.0 = Release|Any CPU
		{AF465426-C1A0-4D9B-B7D9-3D9D993A4A1F}.Debug|Any CPU.ActiveCfg = Debug|Any CPU
		{AF465426-C1A0-4D9B-B7D9-3D9D993A4A1F}.Debug|Any CPU.Build.0 = Debug|Any CPU
		{AF465426-C1A0-4D9B-B7D9-3D9D993A4A1F}.Release|Any CPU.ActiveCfg = Release|Any CPU
		{AF465426-C1A0-4D9B-B7D9-3D9D993A4A1F}.Release|Any CPU.Build.0 = Release|Any CPU
		{797C9A99-EF9D-4BEC-BD94-DA8C7336EA40}.Debug|Any CPU.ActiveCfg = Debug|Any CPU
		{797C9A99-EF9D-4BEC-BD94-DA8C7336EA40}.Debug|Any CPU.Build.0 = Debug|Any CPU
		{797C9A99-EF9D-4BEC-BD94-DA8C7336EA40}.Release|Any CPU.ActiveCfg = Release|Any CPU
		{797C9A99-EF9D-4BEC-BD94-DA8C7336EA40}.Release|Any CPU.Build.0 = Release|Any CPU
	EndGlobalSection
	GlobalSection(SolutionProperties) = preSolution
		HideSolutionNode = FALSE
	EndGlobalSection
	GlobalSection(ExtensibilityGlobals) = postSolution
		SolutionGuid = {ECC2DA51-3BC0-476B-8086-BFEEEF08047F}
	EndGlobalSection
EndGlobal
